
Microsoft Visual Studio Solution File, Format Version 12.00
# Visual Studio Version 16
VisualStudioVersion = 16.0.31729.503
MinimumVisualStudioVersion = 10.0.40219.1
Project("{FAE04EC0-301F-11D3-BF4B-00C04F79EFBC}") = "demoapp", "demoapp\demoapp.csproj", "{47E07DD4-DDB0-4ADB-A3B7-439B550850F9}"
EndProject
Global
	GlobalSection(SolutionConfigurationPlatforms) = preSolution
		Debug|Any CPU = Debug|Any CPU
		Release|Any CPU = Release|Any CPU
	EndGlobalSection
	GlobalSection(ProjectConfigurationPlatforms) = postSolution
		{47E07DD4-DDB0-4ADB-A3B7-439B550850F9}.Debug|Any CPU.ActiveCfg = Debug|Any CPU
		{47E07DD4-DDB0-4ADB-A3B7-439B550850F9}.Debug|Any CPU.Build.0 = Debug|Any CPU
		{47E07DD4-DDB0-4ADB-A3B7-439B550850F9}.Release|Any CPU.ActiveCfg = Release|Any CPU
		{47E07DD4-DDB0-4ADB-A3B7-439B550850F9}.Release|Any CPU.Build.0 = Release|Any CPU
	EndGlobalSection
	GlobalSection(SolutionProperties) = preSolution
		HideSolutionNode = FALSE
	EndGlobalSection
	GlobalSection(ExtensibilityGlobals) = postSolution
		SolutionGuid = {379B4E6F-BD17-4E24-BDA5-67622F95B3B1}
	EndGlobalSection
EndGlobal
